
Microsoft Visual Studio Solution File, Format Version 12.00
# Visual Studio Version 17
VisualStudioVersion = 17.2.32616.157
MinimumVisualStudioVersion = 10.0.40219.1
Project("{FAE04EC0-301F-11D3-BF4B-00C04F79EFBC}") = "assign.Server", "assign\Server\assign.Server.csproj", "{4202B49E-4CCB-4A54-88F3-D884FBE76530}"
EndProject
Project("{FAE04EC0-301F-11D3-BF4B-00C04F79EFBC}") = "assign.Client", "assign\Client\assign.Client.csproj", "{2F8A0CBE-F72F-4FBB-91E6-14761FBDE590}"
EndProject
Project("{FAE04EC0-301F-11D3-BF4B-00C04F79EFBC}") = "assign.Shared", "assign\Shared\assign.Shared.csproj", "{7B5FA630-D10F-4EB0-BBE5-C83579160875}"
EndProject
Global
	GlobalSection(SolutionConfigurationPlatforms) = preSolution
		Debug|Any CPU = Debug|Any CPU
		Release|Any CPU = Release|Any CPU
	EndGlobalSection
	GlobalSection(ProjectConfigurationPlatforms) = postSolution
		{4202B49E-4CCB-4A54-88F3-D884FBE76530}.Debug|Any CPU.ActiveCfg = Debug|Any CPU
		{4202B49E-4CCB-4A54-88F3-D884FBE76530}.Debug|Any CPU.Build.0 = Debug|Any CPU
		{4202B49E-4CCB-4A54-88F3-D884FBE76530}.Release|Any CPU.ActiveCfg = Release|Any CPU
		{4202B49E-4CCB-4A54-88F3-D884FBE76530}.Release|Any CPU.Build.0 = Release|Any CPU
		{2F8A0CBE-F72F-4FBB-91E6-14761FBDE590}.Debug|Any CPU.ActiveCfg = Debug|Any CPU
		{2F8A0CBE-F72F-4FBB-91E6-14761FBDE590}.Debug|Any CPU.Build.0 = Debug|Any CPU
		{2F8A0CBE-F72F-4FBB-91E6-14761FBDE590}.Release|Any CPU.ActiveCfg = Release|Any CPU
		{2F8A0CBE-F72F-4FBB-91E6-14761FBDE590}.Release|Any CPU.Build.0 = Release|Any CPU
		{7B5FA630-D10F-4EB0-BBE5-C83579160875}.Debug|Any CPU.ActiveCfg = Debug|Any CPU
		{7B5FA630-D10F-4EB0-BBE5-C83579160875}.Debug|Any CPU.Build.0 = Debug|Any CPU
		{7B5FA630-D10F-4EB0-BBE5-C83579160875}.Release|Any CPU.ActiveCfg = Release|Any CPU
		{7B5FA630-D10F-4EB0-BBE5-C83579160875}.Release|Any CPU.Build.0 = Release|Any CPU
	EndGlobalSection
	GlobalSection(SolutionProperties) = preSolution
		HideSolutionNode = FALSE
	EndGlobalSection
	GlobalSection(ExtensibilityGlobals) = postSolution
		SolutionGuid = {3D3F4E11-38D2-497C-A4E0-F13A70A88D73}
	EndGlobalSection
EndGlobal
